
Microsoft Visual Studio Solution File, Format Version 12.00
# Visual Studio Version 17
VisualStudioVersion = 17.13.35931.197
MinimumVisualStudioVersion = 10.0.40219.1
Project("{8BC9CEB8-8B4A-11D0-8D11-00A0C91BC942}") = "UnitTest", "UnitTest\UnitTest.vcxproj", "{1723FD3C-92BD-E27E-67A3-92BABFB90E1A}"
EndProject
Project("{2150E333-8FDC-42A3-9474-1A3956D46DE8}") = "解决方案项", "解决方案项", "{9FA3D6BD-1EC1-3BA5-80CB-CE02773A58D5}"
	ProjectSection(SolutionItems) = preProject
		readme.md = readme.md
	EndProjectSection
EndProject
Project("{8BC9CEB8-8B4A-11D0-8D11-00A0C91BC942}") = "YY.Base", "src\YY.Base.vcxitems", "{39A3A518-C7CA-4780-BC2E-2704723A58A5}"
EndProject
Global
	GlobalSection(SolutionConfigurationPlatforms) = preSolution
		Debug|x64 = Debug|x64
		Debug|x86 = Debug|x86
		Release|x64 = Release|x64
		Release|x86 = Release|x86
	EndGlobalSection
	GlobalSection(ProjectConfigurationPlatforms) = postSolution
		{1723FD3C-92BD-E27E-67A3-92BABFB90E1A}.Debug|x64.ActiveCfg = Debug|x64
		{1723FD3C-92BD-E27E-67A3-92BABFB90E1A}.Debug|x64.Build.0 = Debug|x64
		{1723FD3C-92BD-E27E-67A3-92BABFB90E1A}.Debug|x86.ActiveCfg = Debug|Win32
		{1723FD3C-92BD-E27E-67A3-92BABFB90E1A}.Debug|x86.Build.0 = Debug|Win32
		{1723FD3C-92BD-E27E-67A3-92BABFB90E1A}.Release|x64.ActiveCfg = Release|x64
		{1723FD3C-92BD-E27E-67A3-92BABFB90E1A}.Release|x64.Build.0 = Release|x64
		{1723FD3C-92BD-E27E-67A3-92BABFB90E1A}.Release|x86.ActiveCfg = Release|Win32
		{1723FD3C-92BD-E27E-67A3-92BABFB90E1A}.Release|x86.Build.0 = Release|Win32
	EndGlobalSection
	GlobalSection(SolutionProperties) = preSolution
		HideSolutionNode = FALSE
	EndGlobalSection
	GlobalSection(ExtensibilityGlobals) = postSolution
		SolutionGuid = {425EB61D-B01D-4005-A741-D2A95A5EAF24}
	EndGlobalSection
	GlobalSection(SharedMSBuildProjectFiles) = preSolution
		src\YY.Base.vcxitems*{1723fd3c-92bd-e27e-67a3-92babfb90e1a}*SharedItemsImports = 4
		src\YY.Base.vcxitems*{39a3a518-c7ca-4780-bc2e-2704723a58a5}*SharedItemsImports = 9
	EndGlobalSection
EndGlobal
