<?xml version="1.0" encoding="utf-8"?>
<Project ToolsVersion="4.0" xmlns="http://schemas.microsoft.com/developer/msbuild/2003">
  <ItemGroup>
    <Filter Include="源文件">
      <UniqueIdentifier>{4FC737F1-C7A5-4376-A066-2A32D752A2FF}</UniqueIdentifier>
    </Filter>
    <Filter Include="头文件">
      <UniqueIdentifier>{93995380-89BD-4b04-88EB-625FBE52EBFB}</UniqueIdentifier>
    </Filter>
    <Filter Include="头文件\YY">
      <UniqueIdentifier>{729725c4-3a1d-417f-861a-37743619c96a}</UniqueIdentifier>
    </Filter>
    <Filter Include="头文件\YY\Base">
      <UniqueIdentifier>{2ee188d1-0b48-4f2a-910b-4f21f8292379}</UniqueIdentifier>
    </Filter>
    <Filter Include="头文件\YY\Base\Containers">
      <UniqueIdentifier>{472ceb72-cdc7-4252-aff0-ef5a503566be}</UniqueIdentifier>
    </Filter>
    <Filter Include="头文件\YY\Base\IO">
      <UniqueIdentifier>{5143473d-01e7-416b-9eda-87e5bf4ea6c9}</UniqueIdentifier>
    </Filter>
    <Filter Include="头文件\YY\Base\Memory">
      <UniqueIdentifier>{45adc186-a13b-4aab-bf5b-d2b8c255b873}</UniqueIdentifier>
    </Filter>
    <Filter Include="头文件\YY\Base\Shared">
      <UniqueIdentifier>{9747c5d7-ca14-4431-9749-2f628e7b8a41}</UniqueIdentifier>
    </Filter>
    <Filter Include="头文件\YY\Base\Shared\Windows">
      <UniqueIdentifier>{ab3998ee-f293-443d-acbc-40e2501ba474}</UniqueIdentifier>
    </Filter>
    <Filter Include="头文件\YY\Base\Strings">
      <UniqueIdentifier>{f0797c69-b2a6-48bc-9882-52dc5e211084}</UniqueIdentifier>
    </Filter>
    <Filter Include="头文件\YY\Base\Sync">
      <UniqueIdentifier>{dca32a37-6f50-40ae-a695-083b45a9b711}</UniqueIdentifier>
    </Filter>
    <Filter Include="头文件\YY\Base\Threading">
      <UniqueIdentifier>{c0fa3e3c-5e1d-4b63-9b10-61bb67672354}</UniqueIdentifier>
    </Filter>
    <Filter Include="头文件\YY\Base\Time">
      <UniqueIdentifier>{a1f2803a-4b0f-4550-931f-0747698eb941}</UniqueIdentifier>
    </Filter>
    <Filter Include="头文件\YY\Base\Utils">
      <UniqueIdentifier>{db5e2ef0-71f4-42ad-93c5-ebe13dfaff61}</UniqueIdentifier>
    </Filter>
    <Filter Include="源文件\YY">
      <UniqueIdentifier>{6b18858a-4a50-405b-9f9f-79d7ee21820a}</UniqueIdentifier>
    </Filter>
    <Filter Include="源文件\YY\Base">
      <UniqueIdentifier>{a73c4540-6b9c-4575-84ce-1f6f2fb40acb}</UniqueIdentifier>
    </Filter>
    <Filter Include="源文件\YY\Base\Strings">
      <UniqueIdentifier>{67c58295-7a0d-4364-8135-2b9e9f099963}</UniqueIdentifier>
    </Filter>
    <Filter Include="源文件\YY\Base\Sync">
      <UniqueIdentifier>{5ceca577-9609-4d2f-94ee-bafddc3bf45f}</UniqueIdentifier>
    </Filter>
    <Filter Include="源文件\YY\Base\Threading">
      <UniqueIdentifier>{64712b27-d0cb-41ea-aefb-60532a39e6af}</UniqueIdentifier>
    </Filter>
    <Filter Include="源文件\YY\Base\Threading\Windows">
      <UniqueIdentifier>{e4d07916-d991-4210-b792-82195af82f5b}</UniqueIdentifier>
    </Filter>
    <Filter Include="源文件\YY\Base\Threading\Linux">
      <UniqueIdentifier>{fa65e17e-1f90-402a-8a0a-c4f3c4349608}</UniqueIdentifier>
    </Filter>
    <Filter Include="源文件\YY\Base\Utils">
      <UniqueIdentifier>{c823141c-30c2-436d-838f-d4d7cd44467b}</UniqueIdentifier>
    </Filter>
    <Filter Include="头文件\YY\Base\Functional">
      <UniqueIdentifier>{e71fcceb-32ee-4784-a528-9a8b405e955e}</UniqueIdentifier>
    </Filter>
    <Filter Include="资源文件">
      <UniqueIdentifier>{f6e926ce-f565-470c-8c1f-a29246361bc9}</UniqueIdentifier>
    </Filter>
  </ItemGroup>
  <ItemGroup>
    <ClCompile Include="$(MSBuildThisFileDirectory)\YY\Base\Strings\StringTransform.cpp">
      <Filter>源文件\YY\Base\Strings</Filter>
    </ClCompile>
    <ClCompile Include="$(MSBuildThisFileDirectory)\YY\Base\Sync\CriticalSection.cpp">
      <Filter>源文件\YY\Base\Sync</Filter>
    </ClCompile>
    <ClCompile Include="$(MSBuildThisFileDirectory)\YY\Base\Sync\SRWLock.cpp">
      <Filter>源文件\YY\Base\Sync</Filter>
    </ClCompile>
    <ClCompile Include="$(MSBuildThisFileDirectory)\YY\Base\Sync\Sync.cpp">
      <Filter>源文件\YY\Base\Sync</Filter>
    </ClCompile>
    <ClCompile Include="$(MSBuildThisFileDirectory)\YY\Base\Threading\SequencedTaskRunnerImpl.cpp">
      <Filter>源文件\YY\Base\Threading</Filter>
    </ClCompile>
    <ClCompile Include="$(MSBuildThisFileDirectory)\YY\Base\Threading\TaskRunner.cpp">
      <Filter>源文件\YY\Base\Threading</Filter>
    </ClCompile>
    <ClCompile Include="$(MSBuildThisFileDirectory)\YY\Base\Threading\TaskRunnerDispatchImpl.cpp">
      <Filter>源文件\YY\Base\Threading</Filter>
    </ClCompile>
    <ClCompile Include="$(MSBuildThisFileDirectory)\YY\Base\Threading\TaskRunnerImpl.cpp">
      <Filter>源文件\YY\Base\Threading</Filter>
    </ClCompile>
    <ClCompile Include="$(MSBuildThisFileDirectory)\YY\Base\Threading\ThreadTaskRunnerImpl.cpp">
      <Filter>源文件\YY\Base\Threading</Filter>
    </ClCompile>
    <ClCompile Include="$(MSBuildThisFileDirectory)\YY\Base\Utils\FileInfo.cpp">
      <Filter>源文件\YY\Base\Utils</Filter>
    </ClCompile>
    <ClCompile Include="$(MSBuildThisFileDirectory)\YY\Base\Utils\SystemInfo.cpp">
      <Filter>源文件\YY\Base\Utils</Filter>
    </ClCompile>
    <ClCompile Include="$(MSBuildThisFileDirectory)\YY\Base\Threading\ThreadPool.Linux.cc">
      <Filter>源文件\YY\Base\Threading\Linux</Filter>
    </ClCompile>
    <ClCompile Include="$(MSBuildThisFileDirectory)\YY\Base\Threading\ThreadPool.Windows.cc">
      <Filter>源文件\YY\Base\Threading\Windows</Filter>
    </ClCompile>
  </ItemGroup>
  <ItemGroup>
    <ClInclude Include="$(MSBuildThisFileDirectory)\..\include\YY\Base\Containers\Array.h">
      <Filter>头文件\YY\Base\Containers</Filter>
    </ClInclude>
    <ClInclude Include="$(MSBuildThisFileDirectory)\..\include\YY\Base\Containers\Span.h">
      <Filter>头文件\YY\Base\Containers</Filter>
    </ClInclude>
    <ClInclude Include="$(MSBuildThisFileDirectory)\..\include\YY\Base\Containers\BitMap.h">
      <Filter>头文件\YY\Base\Containers</Filter>
    </ClInclude>
    <ClInclude Include="$(MSBuildThisFileDirectory)\..\include\YY\Base\Containers\ConstructorPolicy.h">
      <Filter>头文件\YY\Base\Containers</Filter>
    </ClInclude>
    <ClInclude Include="$(MSBuildThisFileDirectory)\..\include\YY\Base\Containers\DoublyLinkedList.h">
      <Filter>头文件\YY\Base\Containers</Filter>
    </ClInclude>
    <ClInclude Include="$(MSBuildThisFileDirectory)\..\include\YY\Base\Containers\HashSet.h">
      <Filter>头文件\YY\Base\Containers</Filter>
    </ClInclude>
    <ClInclude Include="$(MSBuildThisFileDirectory)\..\include\YY\Base\Containers\Optional.h">
      <Filter>头文件\YY\Base\Containers</Filter>
    </ClInclude>
    <ClInclude Include="$(MSBuildThisFileDirectory)\..\include\YY\Base\Containers\SingleLinkedList.h">
      <Filter>头文件\YY\Base\Containers</Filter>
    </ClInclude>
    <ClInclude Include="$(MSBuildThisFileDirectory)\..\include\YY\Base\IO\File.h">
      <Filter>头文件\YY\Base\IO</Filter>
    </ClInclude>
    <ClInclude Include="$(MSBuildThisFileDirectory)\..\include\YY\Base\Memory\Alloc.h">
      <Filter>头文件\YY\Base\Memory</Filter>
    </ClInclude>
    <ClInclude Include="$(MSBuildThisFileDirectory)\..\include\YY\Base\Memory\RefPtr.h">
      <Filter>头文件\YY\Base\Memory</Filter>
    </ClInclude>
    <ClInclude Include="$(MSBuildThisFileDirectory)\..\include\YY\Base\Memory\UniquePtr.h">
      <Filter>头文件\YY\Base\Memory</Filter>
    </ClInclude>
    <ClInclude Include="$(MSBuildThisFileDirectory)\..\include\YY\Base\Memory\WeakPtr.h">
      <Filter>头文件\YY\Base\Memory</Filter>
    </ClInclude>
    <ClInclude Include="$(MSBuildThisFileDirectory)\..\include\YY\Base\Shared\Windows\km.h">
      <Filter>头文件\YY\Base\Shared\Windows</Filter>
    </ClInclude>
    <ClInclude Include="$(MSBuildThisFileDirectory)\..\include\YY\Base\Strings\NString.h">
      <Filter>头文件\YY\Base\Strings</Filter>
    </ClInclude>
    <ClInclude Include="$(MSBuildThisFileDirectory)\..\include\YY\Base\Strings\String.h">
      <Filter>头文件\YY\Base\Strings</Filter>
    </ClInclude>
    <ClInclude Include="$(MSBuildThisFileDirectory)\..\include\YY\Base\Strings\StringTransform.h">
      <Filter>头文件\YY\Base\Strings</Filter>
    </ClInclude>
    <ClInclude Include="$(MSBuildThisFileDirectory)\..\include\YY\Base\Strings\StringView.h">
      <Filter>头文件\YY\Base\Strings</Filter>
    </ClInclude>
    <ClInclude Include="$(MSBuildThisFileDirectory)\..\include\YY\Base\Sync\AutoLock.h">
      <Filter>头文件\YY\Base\Sync</Filter>
    </ClInclude>
    <ClInclude Include="$(MSBuildThisFileDirectory)\..\include\YY\Base\Sync\CriticalSection.h">
      <Filter>头文件\YY\Base\Sync</Filter>
    </ClInclude>
    <ClInclude Include="$(MSBuildThisFileDirectory)\..\include\YY\Base\Sync\Interlocked.h">
      <Filter>头文件\YY\Base\Sync</Filter>
    </ClInclude>
    <ClInclude Include="$(MSBuildThisFileDirectory)\..\include\YY\Base\Sync\InterlockedQueue.h">
      <Filter>头文件\YY\Base\Sync</Filter>
    </ClInclude>
    <ClInclude Include="$(MSBuildThisFileDirectory)\..\include\YY\Base\Sync\InterlockedSingleLinkedList.h">
      <Filter>头文件\YY\Base\Sync</Filter>
    </ClInclude>
    <ClInclude Include="$(MSBuildThisFileDirectory)\..\include\YY\Base\Sync\SRWLock.h">
      <Filter>头文件\YY\Base\Sync</Filter>
    </ClInclude>
    <ClInclude Include="$(MSBuildThisFileDirectory)\..\include\YY\Base\Sync\Sync.h">
      <Filter>头文件\YY\Base\Sync</Filter>
    </ClInclude>
    <ClInclude Include="$(MSBuildThisFileDirectory)\..\include\YY\Base\Threading\Coroutine.h">
      <Filter>头文件\YY\Base\Threading</Filter>
    </ClInclude>
    <ClInclude Include="$(MSBuildThisFileDirectory)\..\include\YY\Base\Threading\ProcessThreads.h">
      <Filter>头文件\YY\Base\Threading</Filter>
    </ClInclude>
    <ClInclude Include="$(MSBuildThisFileDirectory)\..\include\YY\Base\Threading\TaskRunner.h">
      <Filter>头文件\YY\Base\Threading</Filter>
    </ClInclude>
    <ClInclude Include="$(MSBuildThisFileDirectory)\..\include\YY\Base\Time\Common.h">
      <Filter>头文件\YY\Base\Time</Filter>
    </ClInclude>
    <ClInclude Include="$(MSBuildThisFileDirectory)\..\include\YY\Base\Time\TickCount.h">
      <Filter>头文件\YY\Base\Time</Filter>
    </ClInclude>
    <ClInclude Include="$(MSBuildThisFileDirectory)\..\include\YY\Base\Time\TimeSpan.h">
      <Filter>头文件\YY\Base\Time</Filter>
    </ClInclude>
    <ClInclude Include="$(MSBuildThisFileDirectory)\..\include\YY\Base\Utils\ComObjectImpl.h">
      <Filter>头文件\YY\Base\Utils</Filter>
    </ClInclude>
    <ClInclude Include="$(MSBuildThisFileDirectory)\..\include\YY\Base\Utils\FileInfo.h">
      <Filter>头文件\YY\Base\Utils</Filter>
    </ClInclude>
    <ClInclude Include="$(MSBuildThisFileDirectory)\..\include\YY\Base\Utils\MathUtils.h">
      <Filter>头文件\YY\Base\Utils</Filter>
    </ClInclude>
    <ClInclude Include="$(MSBuildThisFileDirectory)\..\include\YY\Base\Utils\SystemInfo.h">
      <Filter>头文件\YY\Base\Utils</Filter>
    </ClInclude>
    <ClInclude Include="$(MSBuildThisFileDirectory)\..\include\YY\Base\Utils\Version.h">
      <Filter>头文件\YY\Base\Utils</Filter>
    </ClInclude>
    <ClInclude Include="$(MSBuildThisFileDirectory)\..\include\YY\Base\Encoding.h">
      <Filter>头文件\YY\Base</Filter>
    </ClInclude>
    <ClInclude Include="$(MSBuildThisFileDirectory)\..\include\YY\Base\ErrorCode.h">
      <Filter>头文件\YY\Base</Filter>
    </ClInclude>
    <ClInclude Include="$(MSBuildThisFileDirectory)\..\include\YY\Base\Exception.h">
      <Filter>头文件\YY\Base</Filter>
    </ClInclude>
    <ClInclude Include="$(MSBuildThisFileDirectory)\..\include\YY\Base\SafeCast.h">
      <Filter>头文件\YY\Base</Filter>
    </ClInclude>
    <ClInclude Include="$(MSBuildThisFileDirectory)\..\include\YY\Base\SAL.h">
      <Filter>头文件\YY\Base</Filter>
    </ClInclude>
    <ClInclude Include="$(MSBuildThisFileDirectory)\..\include\YY\Base\tchar.h">
      <Filter>头文件\YY\Base</Filter>
    </ClInclude>
    <ClInclude Include="$(MSBuildThisFileDirectory)\..\include\YY\Base\YY.h">
      <Filter>头文件\YY\Base</Filter>
    </ClInclude>
    <ClInclude Include="$(MSBuildThisFileDirectory)\YY\Base\Threading\ParallelTaskRunnerImpl.hpp">
      <Filter>源文件\YY\Base\Threading</Filter>
    </ClInclude>
    <ClInclude Include="$(MSBuildThisFileDirectory)\YY\Base\Threading\SequencedTaskRunnerImpl.h">
      <Filter>源文件\YY\Base\Threading</Filter>
    </ClInclude>
    <ClInclude Include="$(MSBuildThisFileDirectory)\YY\Base\Threading\TaskRunnerDispatchImpl.h">
      <Filter>源文件\YY\Base\Threading</Filter>
    </ClInclude>
    <ClInclude Include="$(MSBuildThisFileDirectory)\YY\Base\Threading\TaskRunnerImpl.h">
      <Filter>源文件\YY\Base\Threading</Filter>
    </ClInclude>
    <ClInclude Include="$(MSBuildThisFileDirectory)\YY\Base\Threading\ThreadPool.h">
      <Filter>源文件\YY\Base\Threading</Filter>
    </ClInclude>
    <ClInclude Include="$(MSBuildThisFileDirectory)\YY\Base\Threading\ThreadPoolTimerManger.h">
      <Filter>源文件\YY\Base\Threading</Filter>
    </ClInclude>
    <ClInclude Include="$(MSBuildThisFileDirectory)\YY\Base\Threading\ThreadPoolWaitManger.h">
      <Filter>源文件\YY\Base\Threading</Filter>
    </ClInclude>
    <ClInclude Include="$(MSBuildThisFileDirectory)\YY\Base\Threading\ThreadTaskRunnerImpl.h">
      <Filter>源文件\YY\Base\Threading</Filter>
    </ClInclude>
    <ClInclude Include="$(MSBuildThisFileDirectory)\YY\Base\Threading\ThreadTaskRunnerProxyImpl.h">
      <Filter>源文件\YY\Base\Threading</Filter>
    </ClInclude>
    <ClInclude Include="$(MSBuildThisFileDirectory)\YY\Base\Threading\ThreadPool.Linux.h">
      <Filter>源文件\YY\Base\Threading\Linux</Filter>
    </ClInclude>
    <ClInclude Include="$(MSBuildThisFileDirectory)\YY\Base\Threading\ThreadPool.Windows.h">
      <Filter>源文件\YY\Base\Threading\Windows</Filter>
    </ClInclude>
    <ClInclude Include="$(MSBuildThisFileDirectory)\..\include\YY\Base\Memory\ObserverPtr.h">
      <Filter>头文件\YY\Base\Memory</Filter>
    </ClInclude>
    <ClInclude Include="$(MSBuildThisFileDirectory)\..\include\YY\Base\Functional\Bind.h">
      <Filter>头文件\YY\Base\Functional</Filter>
    </ClInclude>
  </ItemGroup>
  <ItemGroup>
    <Natvis Include="$(MSBuildThisFileDirectory)\YY.Base.natvis">
      <Filter>资源文件</Filter>
    </Natvis>
  </ItemGroup>
</Project>